
Microsoft Visual Studio Solution File, Format Version 12.00
# Visual Studio Version 17
VisualStudioVersion = 17.7.34024.191
MinimumVisualStudioVersion = 10.0.40219.1
Project("{FAE04EC0-301F-11D3-BF4B-00C04F79EFBC}") = "terminoppgave", "terminoppgave\terminoppgave.csproj", "{8E8759A6-25F1-4DB2-8074-6233AD3CD817}"
EndProject
Global
	GlobalSection(SolutionConfigurationPlatforms) = preSolution
		Debug|Any CPU = Debug|Any CPU
		Release|Any CPU = Release|Any CPU
	EndGlobalSection
	GlobalSection(ProjectConfigurationPlatforms) = postSolution
		{8E8759A6-25F1-4DB2-8074-6233AD3CD817}.Debug|Any CPU.ActiveCfg = Debug|Any CPU
		{8E8759A6-25F1-4DB2-8074-6233AD3CD817}.Debug|Any CPU.Build.0 = Debug|Any CPU
		{8E8759A6-25F1-4DB2-8074-6233AD3CD817}.Release|Any CPU.ActiveCfg = Release|Any CPU
		{8E8759A6-25F1-4DB2-8074-6233AD3CD817}.Release|Any CPU.Build.0 = Release|Any CPU
	EndGlobalSection
	GlobalSection(SolutionProperties) = preSolution
		HideSolutionNode = FALSE
	EndGlobalSection
	GlobalSection(ExtensibilityGlobals) = postSolution
		SolutionGuid = {3A0F37D2-9429-4EC9-BBA7-3A567A103950}
	EndGlobalSection
EndGlobal
